{
  "name": "new-git-workflow",
  "version": "0.9.0",
  "lockfileVersion": 3,
  "requires": true,
  "packages": {
    "": {
      "name": "new-git-workflow",
      "workspaces": [
        "packages/**"
      ],
      "devDependencies": {
        "nx": "^20.6.4"
      },
      "engines": {
        "node": ">=18"
      }
    },
    "admin-apps/aws-admin/iac": {
      "name": "aws-admin-iac",
      "version": "0.0.0",
      "extraneous": true,
      "dependencies": {
        "@dscm/shared-modules": "*",
        "aws-cdk-lib": "2.179.0",
        "constructs": "^10.0.0"
      },
      "devDependencies": {
        "@dscm/dev-configs": "*"
      }
    },
    "apps/aws-workload/iac": {
      "name": "aws-workload-iac",
      "version": "0.0.0",
      "extraneous": true,
      "dependencies": {
        "@dscm/config": "*",
        "@dscm/shared-modules": "*",
        "aws-cdk": "^2.1001.0",
        "aws-cdk-lib": "2.181.0",
        "aws-workload-model": "*",
        "constructs": "^10.4.2"
      },
      "devDependencies": {
        "@dscm/dev-configs": "*",
        "@dscm/tools": "*"
      }
    },
    "apps/aws-workload/lambda-code/point-aggregator": {
      "name": "aws-workload-lambda-codes-point-aggregator",
      "version": "0.0.0",
      "extraneous": true,
      "devDependencies": {
        "@dscm/dev-configs": "*",
        "@types/aws-lambda": "^8.10.147",
        "esbuild": "^0.25.0"
      }
    },
    "apps/aws-workload/lambda-code/point-award": {
      "name": "aws-workload-lambda-codes-point-award",
      "version": "0.0.0",
      "extraneous": true,
      "dependencies": {
        "aws-workload-model": "*"
      },
      "devDependencies": {
        "@dscm/dev-configs": "*",
        "@types/aws-lambda": "^8.10.147",
        "esbuild": "^0.25.0"
      }
    },
    "apps/aws-workload/lambda-code/point-consume": {
      "name": "aws-workload-lambda-codes-point-consume",
      "version": "0.0.0",
      "extraneous": true,
      "dependencies": {
        "aws-workload-model": "*"
      },
      "devDependencies": {
        "@dscm/dev-configs": "*",
        "@types/aws-lambda": "^8.10.147",
        "esbuild": "^0.25.0"
      }
    },
    "apps/aws-workload/packages/aws-sdk-utils": {
      "name": "aws-workload-aws-sdk-utils",
      "version": "0.0.0",
      "extraneous": true,
      "dependencies": {
        "@aws-sdk/credential-providers": "^3.758.0"
      },
      "devDependencies": {
        "@aws-sdk/types": "^3.734.0",
        "@dscm/dev-configs": "*"
      }
    },
    "apps/aws-workload/packages/controloer": {
      "name": "aws-workload-controler",
      "extraneous": true,
      "dependencies": {
        "@aws-sdk/credential-providers": "^3.758.0",
        "@dscm/config-v2": "*",
        "dynamodb-toolbox": "^2.0.0"
      },
      "devDependencies": {
        "@aws-sdk/types": "^3.734.0",
        "@dscm/dev-configs": "*"
      }
    },
    "apps/aws-workload/packages/model": {
      "name": "aws-workload-model",
      "version": "0.0.0",
      "extraneous": true,
      "dependencies": {
        "@aws-sdk/client-dynamodb": "^3.758.0",
        "@aws-sdk/client-sts": "^3.758.0",
        "@aws-sdk/credential-providers": "^3.758.0",
        "@dscm/shared-modules": "*",
        "aws-workload-aws-sdk-utils": "*",
        "dynamodb-toolbox": "^2.0.0"
      },
      "devDependencies": {
        "@aws-sdk/types": "^3.734.0",
        "@dscm/dev-configs": "*"
      }
    },
    "apps/aws-workload/point-client": {
      "name": "aws-workload-point-client",
      "version": "0.0.0",
      "extraneous": true,
      "dependencies": {
        "@aws-sdk/client-sts": "^3.758.0",
        "@aws-sdk/credential-providers": "^3.758.0",
        "@aws-sdk/types": "^3.734.0",
        "@dscm/config": "*",
        "@dscm/shared-modules": "*",
        "aws-workload-model": "*",
        "zx": "^8.4.0"
      },
      "devDependencies": {
        "@dscm/dev-configs": "*",
        "@dscm/tools": "*"
      }
    },
    "apps/aws-workload/sexman": {
      "version": "0.1.0",
      "extraneous": true,
      "dependencies": {
        "@dscm/shared-modules": "*",
        "aws-cdk-lib": "2.179.0",
        "constructs": "^10.0.0"
      },
      "bin": {
        "sexman": "bin/sexman.js"
      },
      "devDependencies": {
        "@types/jest": "^29.5.14",
        "@types/node": "22.7.9",
        "aws-cdk": "2.1000.2",
        "jest": "^29.7.0",
        "ts-jest": "^29.2.5",
        "ts-node": "^10.9.2",
        "typescript": "~5.6.3"
      }
    },
    "apps/scm-docs": {
      "version": "0.0.1",
      "extraneous": true
    },
    "node_modules/@emnapi/core": {
      "version": "1.3.1",
      "dev": true,
      "license": "MIT",
      "dependencies": {
        "@emnapi/wasi-threads": "1.0.1",
        "tslib": "^2.4.0"
      }
    },
    "node_modules/@emnapi/runtime": {
      "version": "1.3.1",
      "dev": true,
      "license": "MIT",
      "dependencies": {
        "tslib": "^2.4.0"
      }
    },
    "node_modules/@emnapi/wasi-threads": {
      "version": "1.0.1",
      "dev": true,
      "license": "MIT",
      "dependencies": {
        "tslib": "^2.4.0"
      }
    },
    "node_modules/@jest/schemas": {
      "version": "29.6.3",
      "dev": true,
      "license": "MIT",
      "dependencies": {
        "@sinclair/typebox": "^0.27.8"
      },
      "engines": {
        "node": "^14.15.0 || ^16.10.0 || >=18.0.0"
      }
    },
    "node_modules/@napi-rs/wasm-runtime": {
      "version": "0.2.4",
      "dev": true,
      "license": "MIT",
      "dependencies": {
        "@emnapi/core": "^1.1.0",
        "@emnapi/runtime": "^1.1.0",
        "@tybys/wasm-util": "^0.9.0"
      }
    },
    "node_modules/@nx/nx-darwin-arm64": {
      "version": "20.6.4",
      "resolved": "https://registry.npmjs.org/@nx/nx-darwin-arm64/-/nx-darwin-arm64-20.6.4.tgz",
      "integrity": "sha512-urdLFCY0c2X11FBuokSgCktKTma7kjZKWJi8mVO8PbTJh0h2Qtp4l9/px8tv9EHeHuusA18p2Wq3ZM6c95qcBg==",
      "cpu": [
        "arm64"
      ],
      "dev": true,
      "license": "MIT",
      "optional": true,
      "os": [
        "darwin"
      ],
      "engines": {
        "node": ">= 10"
      }
    },
    "node_modules/@nx/nx-darwin-x64": {
      "version": "20.6.4",
      "resolved": "https://registry.npmjs.org/@nx/nx-darwin-x64/-/nx-darwin-x64-20.6.4.tgz",
      "integrity": "sha512-nNOXc9ccdsdmylC/InRud/F977ldat2zQuSWfhoI5+9exHIjMo0TNU8gZdT53t3S1OTQKOEbNXZcoEaURb6STA==",
      "cpu": [
        "x64"
      ],
      "dev": true,
      "license": "MIT",
      "optional": true,
      "os": [
        "darwin"
      ],
      "engines": {
        "node": ">= 10"
      }
    },
    "node_modules/@nx/nx-freebsd-x64": {
      "version": "20.6.4",
      "resolved": "https://registry.npmjs.org/@nx/nx-freebsd-x64/-/nx-freebsd-x64-20.6.4.tgz",
      "integrity": "sha512-jPGzjdB9biMu8N4038qBe0VBfrQ+HDjXfxBhETqrVIJPBfgdxN1I8CXIhCqMPG2CHBAM6kDQCU6QCTMWADJcEw==",
      "cpu": [
        "x64"
      ],
      "dev": true,
      "license": "MIT",
      "optional": true,
      "os": [
        "freebsd"
      ],
      "engines": {
        "node": ">= 10"
      }
    },
    "node_modules/@nx/nx-linux-arm-gnueabihf": {
      "version": "20.6.4",
      "resolved": "https://registry.npmjs.org/@nx/nx-linux-arm-gnueabihf/-/nx-linux-arm-gnueabihf-20.6.4.tgz",
      "integrity": "sha512-j4ekxzZPc5lj+VbaLBpKJl6w2VyFXycLrT65CWQYAj9yqV5dUuDtTR33r50ddLtqQt3PVV5hJAj8+g7sGPXUWQ==",
      "cpu": [
        "arm"
      ],
      "dev": true,
      "license": "MIT",
      "optional": true,
      "os": [
        "linux"
      ],
      "engines": {
        "node": ">= 10"
      }
    },
    "node_modules/@nx/nx-linux-arm64-gnu": {
      "version": "20.6.4",
      "resolved": "https://registry.npmjs.org/@nx/nx-linux-arm64-gnu/-/nx-linux-arm64-gnu-20.6.4.tgz",
      "integrity": "sha512-nYMB4Sh5yI7WbunizZ/mgR21MQgrs77frnAChs+6aPF5HA7N1VGEn3FMKX+ypd3DjTl14zuwB/R5ilwNgKzL+A==",
      "cpu": [
        "arm64"
      ],
      "dev": true,
      "license": "MIT",
      "optional": true,
      "os": [
        "linux"
      ],
      "engines": {
        "node": ">= 10"
      }
    },
    "node_modules/@nx/nx-linux-arm64-musl": {
      "version": "20.6.4",
      "resolved": "https://registry.npmjs.org/@nx/nx-linux-arm64-musl/-/nx-linux-arm64-musl-20.6.4.tgz",
      "integrity": "sha512-ukjB1pmBvtinT0zeYJ1lWi7BAw6cDnPQnfXMbyV+afYnNRcgdDFzQaUpo3UUeai69Fo3TTr0SWx6DjMVifxJZw==",
      "cpu": [
        "arm64"
      ],
      "dev": true,
      "license": "MIT",
      "optional": true,
      "os": [
        "linux"
      ],
      "engines": {
        "node": ">= 10"
      }
    },
    "node_modules/@nx/nx-linux-x64-gnu": {
      "version": "20.6.4",
      "resolved": "https://registry.npmjs.org/@nx/nx-linux-x64-gnu/-/nx-linux-x64-gnu-20.6.4.tgz",
      "integrity": "sha512-+6DloqqB8ZzuZOY4A1PryuPD5hGoxbSafRN++sXUFvKx6mRYNyLGrn5APT3Kiq1qPBxkAxcsreexcu/wsTcrcw==",
      "cpu": [
        "x64"
      ],
      "dev": true,
      "license": "MIT",
      "optional": true,
      "os": [
        "linux"
      ],
      "engines": {
        "node": ">= 10"
      }
    },
    "node_modules/@nx/nx-linux-x64-musl": {
      "version": "20.6.4",
      "resolved": "https://registry.npmjs.org/@nx/nx-linux-x64-musl/-/nx-linux-x64-musl-20.6.4.tgz",
      "integrity": "sha512-+ZuF6dobfGo5EN55syuUEdbYs9qxbLmTkGPMq66X7dZ/jm7kKTsVzDYnf9v3ynQCOq4DMFtdACneL32Ks22+NQ==",
      "cpu": [
        "x64"
      ],
      "dev": true,
      "license": "MIT",
      "optional": true,
      "os": [
        "linux"
      ],
      "engines": {
        "node": ">= 10"
      }
    },
    "node_modules/@nx/nx-win32-arm64-msvc": {
      "version": "20.6.4",
      "resolved": "https://registry.npmjs.org/@nx/nx-win32-arm64-msvc/-/nx-win32-arm64-msvc-20.6.4.tgz",
      "integrity": "sha512-z+Y8iwEPZ8L8SISh/tcyqEtAy9Ju6aB5kLe8E/E1Wwzy5DU/jNvqM9Wq4HRPMY0r1S4jzwC6x7W3/fkxeFjZ7A==",
      "cpu": [
        "arm64"
      ],
      "dev": true,
      "license": "MIT",
      "optional": true,
      "os": [
        "win32"
      ],
      "engines": {
        "node": ">= 10"
      }
    },
    "node_modules/@nx/nx-win32-x64-msvc": {
      "version": "20.6.4",
      "resolved": "https://registry.npmjs.org/@nx/nx-win32-x64-msvc/-/nx-win32-x64-msvc-20.6.4.tgz",
      "integrity": "sha512-9LMVHZQqc1m2Fulvfz1nPZFHUKvFjmU7igxoWJXj/m+q+DyYWEbE710ARK9JtMibLg+xSRfERKOcIy11k6Ro1A==",
      "cpu": [
        "x64"
      ],
      "dev": true,
      "license": "MIT",
      "optional": true,
      "os": [
        "win32"
      ],
      "engines": {
        "node": ">= 10"
      }
    },
    "node_modules/@sinclair/typebox": {
      "version": "0.27.8",
      "dev": true,
      "license": "MIT"
    },
    "node_modules/@tybys/wasm-util": {
      "version": "0.9.0",
      "dev": true,
      "license": "MIT",
      "dependencies": {
        "tslib": "^2.4.0"
      }
    },
    "node_modules/@yarnpkg/lockfile": {
      "version": "1.1.0",
      "dev": true,
      "license": "BSD-2-Clause"
    },
    "node_modules/@yarnpkg/parsers": {
      "version": "3.0.2",
      "resolved": "https://registry.npmjs.org/@yarnpkg/parsers/-/parsers-3.0.2.tgz",
      "integrity": "sha512-/HcYgtUSiJiot/XWGLOlGxPYUG65+/31V8oqk17vZLW1xlCoR4PampyePljOxY2n8/3jz9+tIFzICsyGujJZoA==",
      "dev": true,
      "license": "BSD-2-Clause",
      "dependencies": {
        "js-yaml": "^3.10.0",
        "tslib": "^2.4.0"
      },
      "engines": {
        "node": ">=18.12.0"
      }
    },
    "node_modules/@zkochan/js-yaml": {
      "version": "0.0.7",
      "dev": true,
      "license": "MIT",
      "dependencies": {
        "argparse": "^2.0.1"
      },
      "bin": {
        "js-yaml": "bin/js-yaml.js"
      }
    },
    "node_modules/ansi-colors": {
      "version": "4.1.3",
      "dev": true,
      "license": "MIT",
      "engines": {
        "node": ">=6"
      }
    },
    "node_modules/ansi-regex": {
      "version": "5.0.1",
      "dev": true,
      "license": "MIT",
      "engines": {
        "node": ">=8"
      }
    },
    "node_modules/ansi-styles": {
      "version": "4.3.0",
      "dev": true,
      "license": "MIT",
      "dependencies": {
        "color-convert": "^2.0.1"
      },
      "engines": {
        "node": ">=8"
      },
      "funding": {
        "url": "https://github.com/chalk/ansi-styles?sponsor=1"
      }
    },
    "node_modules/argparse": {
      "version": "2.0.1",
      "dev": true,
      "license": "Python-2.0"
    },
    "node_modules/asynckit": {
      "version": "0.4.0",
      "resolved": "https://registry.npmjs.org/asynckit/-/asynckit-0.4.0.tgz",
      "integrity": "sha512-Oei9OH4tRh0YqU3GxhX79dM/mwVgvbZJaSNaRk+bshkj0S5cfHcgYakreBjrHwatXKbz+IoIdYLxrKim2MjW0Q==",
      "dev": true,
      "license": "MIT"
    },
    "node_modules/axios": {
      "version": "1.8.4",
      "resolved": "https://registry.npmjs.org/axios/-/axios-1.8.4.tgz",
      "integrity": "sha512-eBSYY4Y68NNlHbHBMdeDmKNtDgXWhQsJcGqzO3iLUM0GraQFSS9cVgPX5I9b3lbdFKyYoAEGAZF1DwhTaljNAw==",
      "dev": true,
      "license": "MIT",
      "dependencies": {
        "follow-redirects": "^1.15.6",
        "form-data": "^4.0.0",
        "proxy-from-env": "^1.1.0"
      }
    },
    "node_modules/balanced-match": {
      "version": "1.0.2",
      "dev": true,
      "license": "MIT"
    },
    "node_modules/base64-js": {
      "version": "1.5.1",
      "dev": true,
      "funding": [
        {
          "type": "github",
          "url": "https://github.com/sponsors/feross"
        },
        {
          "type": "patreon",
          "url": "https://www.patreon.com/feross"
        },
        {
          "type": "consulting",
          "url": "https://feross.org/support"
        }
      ],
      "license": "MIT"
    },
    "node_modules/bl": {
      "version": "4.1.0",
      "dev": true,
      "license": "MIT",
      "dependencies": {
        "buffer": "^5.5.0",
        "inherits": "^2.0.4",
        "readable-stream": "^3.4.0"
      }
    },
    "node_modules/brace-expansion": {
      "version": "2.0.1",
      "dev": true,
      "license": "MIT",
      "dependencies": {
        "balanced-match": "^1.0.0"
      }
    },
    "node_modules/buffer": {
      "version": "5.7.1",
      "dev": true,
      "funding": [
        {
          "type": "github",
          "url": "https://github.com/sponsors/feross"
        },
        {
          "type": "patreon",
          "url": "https://www.patreon.com/feross"
        },
        {
          "type": "consulting",
          "url": "https://feross.org/support"
        }
      ],
      "license": "MIT",
      "dependencies": {
        "base64-js": "^1.3.1",
        "ieee754": "^1.1.13"
      }
    },
    "node_modules/call-bind-apply-helpers": {
      "version": "1.0.2",
      "resolved": "https://registry.npmjs.org/call-bind-apply-helpers/-/call-bind-apply-helpers-1.0.2.tgz",
      "integrity": "sha512-Sp1ablJ0ivDkSzjcaJdxEunN5/XvksFJ2sMBFfq6x0ryhQV/2b/KwFe21cMpmHtPOSij8K99/wSfoEuTObmuMQ==",
      "dev": true,
      "license": "MIT",
      "dependencies": {
        "es-errors": "^1.3.0",
        "function-bind": "^1.1.2"
      },
      "engines": {
        "node": ">= 0.4"
      }
    },
    "node_modules/chalk": {
      "version": "4.1.2",
      "dev": true,
      "license": "MIT",
      "dependencies": {
        "ansi-styles": "^4.1.0",
        "supports-color": "^7.1.0"
      },
      "engines": {
        "node": ">=10"
      },
      "funding": {
        "url": "https://github.com/chalk/chalk?sponsor=1"
      }
    },
    "node_modules/cli-cursor": {
      "version": "3.1.0",
      "dev": true,
      "license": "MIT",
      "dependencies": {
        "restore-cursor": "^3.1.0"
      },
      "engines": {
        "node": ">=8"
      }
    },
    "node_modules/cli-spinners": {
      "version": "2.6.1",
      "dev": true,
      "license": "MIT",
      "engines": {
        "node": ">=6"
      },
      "funding": {
        "url": "https://github.com/sponsors/sindresorhus"
      }
    },
    "node_modules/cliui": {
      "version": "8.0.1",
      "dev": true,
      "license": "ISC",
      "dependencies": {
        "string-width": "^4.2.0",
        "strip-ansi": "^6.0.1",
        "wrap-ansi": "^7.0.0"
      },
      "engines": {
        "node": ">=12"
      }
    },
    "node_modules/clone": {
      "version": "1.0.4",
      "dev": true,
      "license": "MIT",
      "engines": {
        "node": ">=0.8"
      }
    },
    "node_modules/color-convert": {
      "version": "2.0.1",
      "dev": true,
      "license": "MIT",
      "dependencies": {
        "color-name": "~1.1.4"
      },
      "engines": {
        "node": ">=7.0.0"
      }
    },
    "node_modules/color-name": {
      "version": "1.1.4",
      "dev": true,
      "license": "MIT"
    },
    "node_modules/combined-stream": {
      "version": "1.0.8",
      "resolved": "https://registry.npmjs.org/combined-stream/-/combined-stream-1.0.8.tgz",
      "integrity": "sha512-FQN4MRfuJeHf7cBbBMJFXhKSDq+2kAArBlmRBvcvFE5BB1HZKXtSFASDhdlz9zOYwxh8lDdnvmMOe/+5cdoEdg==",
      "dev": true,
      "license": "MIT",
      "dependencies": {
        "delayed-stream": "~1.0.0"
      },
      "engines": {
        "node": ">= 0.8"
      }
    },
    "node_modules/defaults": {
      "version": "1.0.4",
      "dev": true,
      "license": "MIT",
      "dependencies": {
        "clone": "^1.0.2"
      },
      "funding": {
        "url": "https://github.com/sponsors/sindresorhus"
      }
    },
    "node_modules/define-lazy-prop": {
      "version": "2.0.0",
      "dev": true,
      "license": "MIT",
      "engines": {
        "node": ">=8"
      }
    },
    "node_modules/delayed-stream": {
      "version": "1.0.0",
      "resolved": "https://registry.npmjs.org/delayed-stream/-/delayed-stream-1.0.0.tgz",
      "integrity": "sha512-ZySD7Nf91aLB0RxL4KGrKHBXl7Eds1DAmEdcoVawXnLD7SDhpNgtuII2aAkg7a7QS41jxPSZ17p4VdGnMHk3MQ==",
      "dev": true,
      "license": "MIT",
      "engines": {
        "node": ">=0.4.0"
      }
    },
    "node_modules/diff-sequences": {
      "version": "29.6.3",
      "dev": true,
      "license": "MIT",
      "engines": {
        "node": "^14.15.0 || ^16.10.0 || >=18.0.0"
      }
    },
    "node_modules/dotenv": {
      "version": "16.4.7",
      "dev": true,
      "license": "BSD-2-Clause",
      "engines": {
        "node": ">=12"
      },
      "funding": {
        "url": "https://dotenvx.com"
      }
    },
    "node_modules/dotenv-expand": {
      "version": "11.0.7",
      "dev": true,
      "license": "BSD-2-Clause",
      "dependencies": {
        "dotenv": "^16.4.5"
      },
      "engines": {
        "node": ">=12"
      },
      "funding": {
        "url": "https://dotenvx.com"
      }
    },
    "node_modules/dunder-proto": {
      "version": "1.0.1",
      "resolved": "https://registry.npmjs.org/dunder-proto/-/dunder-proto-1.0.1.tgz",
      "integrity": "sha512-KIN/nDJBQRcXw0MLVhZE9iQHmG68qAVIBg9CqmUYjmQIhgij9U5MFvrqkUL5FbtyyzZuOeOt0zdeRe4UY7ct+A==",
      "dev": true,
      "license": "MIT",
      "dependencies": {
        "call-bind-apply-helpers": "^1.0.1",
        "es-errors": "^1.3.0",
        "gopd": "^1.2.0"
      },
      "engines": {
        "node": ">= 0.4"
      }
    },
    "node_modules/emoji-regex": {
      "version": "8.0.0",
      "dev": true,
      "license": "MIT"
    },
    "node_modules/end-of-stream": {
      "version": "1.4.4",
      "dev": true,
      "license": "MIT",
      "dependencies": {
        "once": "^1.4.0"
      }
    },
    "node_modules/enquirer": {
      "version": "2.3.6",
      "dev": true,
      "license": "MIT",
      "dependencies": {
        "ansi-colors": "^4.1.1"
      },
      "engines": {
        "node": ">=8.6"
      }
    },
    "node_modules/es-define-property": {
      "version": "1.0.1",
      "resolved": "https://registry.npmjs.org/es-define-property/-/es-define-property-1.0.1.tgz",
      "integrity": "sha512-e3nRfgfUZ4rNGL232gUgX06QNyyez04KdjFrF+LTRoOXmrOgFKDg4BCdsjW8EnT69eqdYGmRpJwiPVYNrCaW3g==",
      "dev": true,
      "license": "MIT",
      "engines": {
        "node": ">= 0.4"
      }
    },
    "node_modules/es-errors": {
      "version": "1.3.0",
      "resolved": "https://registry.npmjs.org/es-errors/-/es-errors-1.3.0.tgz",
      "integrity": "sha512-Zf5H2Kxt2xjTvbJvP2ZWLEICxA6j+hAmMzIlypy4xcBg1vKVnx89Wy0GbS+kf5cwCVFFzdCFh2XSCFNULS6csw==",
      "dev": true,
      "license": "MIT",
      "engines": {
        "node": ">= 0.4"
      }
    },
    "node_modules/es-object-atoms": {
      "version": "1.1.1",
      "resolved": "https://registry.npmjs.org/es-object-atoms/-/es-object-atoms-1.1.1.tgz",
      "integrity": "sha512-FGgH2h8zKNim9ljj7dankFPcICIK9Cp5bm+c2gQSYePhpaG5+esrLODihIorn+Pe6FGJzWhXQotPv73jTaldXA==",
      "dev": true,
      "license": "MIT",
      "dependencies": {
        "es-errors": "^1.3.0"
      },
      "engines": {
        "node": ">= 0.4"
      }
    },
    "node_modules/es-set-tostringtag": {
      "version": "2.1.0",
      "resolved": "https://registry.npmjs.org/es-set-tostringtag/-/es-set-tostringtag-2.1.0.tgz",
      "integrity": "sha512-j6vWzfrGVfyXxge+O0x5sh6cvxAog0a/4Rdd2K36zCMV5eJ+/+tOAngRO8cODMNWbVRdVlmGZQL2YS3yR8bIUA==",
      "dev": true,
      "license": "MIT",
      "dependencies": {
        "es-errors": "^1.3.0",
        "get-intrinsic": "^1.2.6",
        "has-tostringtag": "^1.0.2",
        "hasown": "^2.0.2"
      },
      "engines": {
        "node": ">= 0.4"
      }
    },
    "node_modules/escalade": {
      "version": "3.2.0",
      "dev": true,
      "license": "MIT",
      "engines": {
        "node": ">=6"
      }
    },
    "node_modules/esprima": {
      "version": "4.0.1",
      "dev": true,
      "license": "BSD-2-Clause",
      "bin": {
        "esparse": "bin/esparse.js",
        "esvalidate": "bin/esvalidate.js"
      },
      "engines": {
        "node": ">=4"
      }
    },
    "node_modules/figures": {
      "version": "3.2.0",
      "dev": true,
      "license": "MIT",
      "dependencies": {
        "escape-string-regexp": "^1.0.5"
      },
      "engines": {
        "node": ">=8"
      },
      "funding": {
        "url": "https://github.com/sponsors/sindresorhus"
      }
    },
    "node_modules/figures/node_modules/escape-string-regexp": {
      "version": "1.0.5",
      "dev": true,
      "license": "MIT",
      "engines": {
        "node": ">=0.8.0"
      }
    },
    "node_modules/flat": {
      "version": "5.0.2",
      "dev": true,
      "license": "BSD-3-Clause",
      "bin": {
        "flat": "cli.js"
      }
    },
    "node_modules/follow-redirects": {
      "version": "1.15.9",
      "resolved": "https://registry.npmjs.org/follow-redirects/-/follow-redirects-1.15.9.tgz",
      "integrity": "sha512-gew4GsXizNgdoRyqmyfMHyAmXsZDk6mHkSxZFCzW9gwlbtOW44CDtYavM+y+72qD/Vq2l550kMF52DT8fOLJqQ==",
      "dev": true,
      "funding": [
        {
          "type": "individual",
          "url": "https://github.com/sponsors/RubenVerborgh"
        }
      ],
      "license": "MIT",
      "engines": {
        "node": ">=4.0"
      },
      "peerDependenciesMeta": {
        "debug": {
          "optional": true
        }
      }
    },
    "node_modules/form-data": {
      "version": "4.0.2",
      "resolved": "https://registry.npmjs.org/form-data/-/form-data-4.0.2.tgz",
      "integrity": "sha512-hGfm/slu0ZabnNt4oaRZ6uREyfCj6P4fT/n6A1rGV+Z0VdGXjfOhVUpkn6qVQONHGIFwmveGXyDs75+nr6FM8w==",
      "dev": true,
      "license": "MIT",
      "dependencies": {
        "asynckit": "^0.4.0",
        "combined-stream": "^1.0.8",
        "es-set-tostringtag": "^2.1.0",
        "mime-types": "^2.1.12"
      },
      "engines": {
        "node": ">= 6"
      }
    },
    "node_modules/front-matter": {
      "version": "4.0.2",
      "dev": true,
      "license": "MIT",
      "dependencies": {
        "js-yaml": "^3.13.1"
      }
    },
    "node_modules/fs-constants": {
      "version": "1.0.0",
      "dev": true,
      "license": "MIT"
    },
    "node_modules/function-bind": {
      "version": "1.1.2",
      "resolved": "https://registry.npmjs.org/function-bind/-/function-bind-1.1.2.tgz",
      "integrity": "sha512-7XHNxH7qX9xG5mIwxkhumTox/MIRNcOgDrxWsMt2pAr23WHp6MrRlN7FBSFpCpr+oVO0F744iUgR82nJMfG2SA==",
      "dev": true,
      "license": "MIT",
      "funding": {
        "url": "https://github.com/sponsors/ljharb"
      }
    },
    "node_modules/get-caller-file": {
      "version": "2.0.5",
      "dev": true,
      "license": "ISC",
      "engines": {
        "node": "6.* || 8.* || >= 10.*"
      }
    },
    "node_modules/get-intrinsic": {
      "version": "1.3.0",
      "resolved": "https://registry.npmjs.org/get-intrinsic/-/get-intrinsic-1.3.0.tgz",
      "integrity": "sha512-9fSjSaos/fRIVIp+xSJlE6lfwhES7LNtKaCBIamHsjr2na1BiABJPo0mOjjz8GJDURarmCPGqaiVg5mfjb98CQ==",
      "dev": true,
      "license": "MIT",
      "dependencies": {
        "call-bind-apply-helpers": "^1.0.2",
        "es-define-property": "^1.0.1",
        "es-errors": "^1.3.0",
        "es-object-atoms": "^1.1.1",
        "function-bind": "^1.1.2",
        "get-proto": "^1.0.1",
        "gopd": "^1.2.0",
        "has-symbols": "^1.1.0",
        "hasown": "^2.0.2",
        "math-intrinsics": "^1.1.0"
      },
      "engines": {
        "node": ">= 0.4"
      },
      "funding": {
        "url": "https://github.com/sponsors/ljharb"
      }
    },
    "node_modules/get-proto": {
      "version": "1.0.1",
      "resolved": "https://registry.npmjs.org/get-proto/-/get-proto-1.0.1.tgz",
      "integrity": "sha512-sTSfBjoXBp89JvIKIefqw7U2CCebsc74kiY6awiGogKtoSGbgjYE/G/+l9sF3MWFPNc9IcoOC4ODfKHfxFmp0g==",
      "dev": true,
      "license": "MIT",
      "dependencies": {
        "dunder-proto": "^1.0.1",
        "es-object-atoms": "^1.0.0"
      },
      "engines": {
        "node": ">= 0.4"
      }
    },
    "node_modules/gopd": {
      "version": "1.2.0",
      "resolved": "https://registry.npmjs.org/gopd/-/gopd-1.2.0.tgz",
      "integrity": "sha512-ZUKRh6/kUFoAiTAtTYPZJ3hw9wNxx+BIBOijnlG9PnrJsCcSjs1wyyD6vJpaYtgnzDrKYRSqf3OO6Rfa93xsRg==",
      "dev": true,
      "license": "MIT",
      "engines": {
        "node": ">= 0.4"
      },
      "funding": {
        "url": "https://github.com/sponsors/ljharb"
      }
    },
    "node_modules/greenday": {
      "resolved": "packages/greenday",
      "link": true
    },
    "node_modules/has-flag": {
      "version": "4.0.0",
      "dev": true,
      "license": "MIT",
      "engines": {
        "node": ">=8"
      }
    },
    "node_modules/has-symbols": {
      "version": "1.1.0",
      "resolved": "https://registry.npmjs.org/has-symbols/-/has-symbols-1.1.0.tgz",
      "integrity": "sha512-1cDNdwJ2Jaohmb3sg4OmKaMBwuC48sYni5HUw2DvsC8LjGTLK9h+eb1X6RyuOHe4hT0ULCW68iomhjUoKUqlPQ==",
      "dev": true,
      "license": "MIT",
      "engines": {
        "node": ">= 0.4"
      },
      "funding": {
        "url": "https://github.com/sponsors/ljharb"
      }
    },
    "node_modules/has-tostringtag": {
      "version": "1.0.2",
      "resolved": "https://registry.npmjs.org/has-tostringtag/-/has-tostringtag-1.0.2.tgz",
      "integrity": "sha512-NqADB8VjPFLM2V0VvHUewwwsw0ZWBaIdgo+ieHtK3hasLz4qeCRjYcqfB6AQrBggRKppKF8L52/VqdVsO47Dlw==",
      "dev": true,
      "license": "MIT",
      "dependencies": {
        "has-symbols": "^1.0.3"
      },
      "engines": {
        "node": ">= 0.4"
      },
      "funding": {
        "url": "https://github.com/sponsors/ljharb"
      }
    },
    "node_modules/hasown": {
      "version": "2.0.2",
      "resolved": "https://registry.npmjs.org/hasown/-/hasown-2.0.2.tgz",
      "integrity": "sha512-0hJU9SCPvmMzIBdZFqNPXWa6dqh7WdH0cII9y+CyS8rG3nL48Bclra9HmKhVVUHyPWNH5Y7xDwAB7bfgSjkUMQ==",
      "dev": true,
      "license": "MIT",
      "dependencies": {
        "function-bind": "^1.1.2"
      },
      "engines": {
        "node": ">= 0.4"
      }
    },
    "node_modules/ieee754": {
      "version": "1.2.1",
      "dev": true,
      "funding": [
        {
          "type": "github",
          "url": "https://github.com/sponsors/feross"
        },
        {
          "type": "patreon",
          "url": "https://www.patreon.com/feross"
        },
        {
          "type": "consulting",
          "url": "https://feross.org/support"
        }
      ],
      "license": "BSD-3-Clause"
    },
    "node_modules/ignore": {
      "version": "5.3.2",
      "dev": true,
      "license": "MIT",
      "engines": {
        "node": ">= 4"
      }
    },
    "node_modules/inherits": {
      "version": "2.0.4",
      "dev": true,
      "license": "ISC"
    },
    "node_modules/is-docker": {
      "version": "2.2.1",
      "dev": true,
      "license": "MIT",
      "bin": {
        "is-docker": "cli.js"
      },
      "engines": {
        "node": ">=8"
      },
      "funding": {
        "url": "https://github.com/sponsors/sindresorhus"
      }
    },
    "node_modules/is-fullwidth-code-point": {
      "version": "3.0.0",
      "dev": true,
      "license": "MIT",
      "engines": {
        "node": ">=8"
      }
    },
    "node_modules/is-interactive": {
      "version": "1.0.0",
      "dev": true,
      "license": "MIT",
      "engines": {
        "node": ">=8"
      }
    },
    "node_modules/is-unicode-supported": {
      "version": "0.1.0",
      "dev": true,
      "license": "MIT",
      "engines": {
        "node": ">=10"
      },
      "funding": {
        "url": "https://github.com/sponsors/sindresorhus"
      }
    },
    "node_modules/is-wsl": {
      "version": "2.2.0",
      "dev": true,
      "license": "MIT",
      "dependencies": {
        "is-docker": "^2.0.0"
      },
      "engines": {
        "node": ">=8"
      }
    },
    "node_modules/jest-diff": {
      "version": "29.7.0",
      "dev": true,
      "license": "MIT",
      "dependencies": {
        "chalk": "^4.0.0",
        "diff-sequences": "^29.6.3",
        "jest-get-type": "^29.6.3",
        "pretty-format": "^29.7.0"
      },
      "engines": {
        "node": "^14.15.0 || ^16.10.0 || >=18.0.0"
      }
    },
    "node_modules/jest-get-type": {
      "version": "29.6.3",
      "dev": true,
      "license": "MIT",
      "engines": {
        "node": "^14.15.0 || ^16.10.0 || >=18.0.0"
      }
    },
    "node_modules/js-yaml": {
      "version": "3.14.1",
      "dev": true,
      "license": "MIT",
      "dependencies": {
        "argparse": "^1.0.7",
        "esprima": "^4.0.0"
      },
      "bin": {
        "js-yaml": "bin/js-yaml.js"
      }
    },
    "node_modules/js-yaml/node_modules/argparse": {
      "version": "1.0.10",
      "dev": true,
      "license": "MIT",
      "dependencies": {
        "sprintf-js": "~1.0.2"
      }
    },
    "node_modules/js-yaml/node_modules/sprintf-js": {
      "version": "1.0.3",
      "dev": true,
      "license": "BSD-3-Clause"
    },
    "node_modules/json5": {
      "version": "2.2.3",
      "dev": true,
      "license": "MIT",
      "bin": {
        "json5": "lib/cli.js"
      },
      "engines": {
        "node": ">=6"
      }
    },
    "node_modules/jsonc-parser": {
      "version": "3.2.0",
      "dev": true,
      "license": "MIT"
    },
    "node_modules/log-symbols": {
      "version": "4.1.0",
      "dev": true,
      "license": "MIT",
      "dependencies": {
        "chalk": "^4.1.0",
        "is-unicode-supported": "^0.1.0"
      },
      "engines": {
        "node": ">=10"
      },
      "funding": {
        "url": "https://github.com/sponsors/sindresorhus"
      }
    },
    "node_modules/math-intrinsics": {
      "version": "1.1.0",
      "resolved": "https://registry.npmjs.org/math-intrinsics/-/math-intrinsics-1.1.0.tgz",
      "integrity": "sha512-/IXtbwEk5HTPyEwyKX6hGkYXxM9nbj64B+ilVJnC/R6B0pH5G4V3b0pVbL7DBj4tkhBAppbQUlf6F6Xl9LHu1g==",
      "dev": true,
      "license": "MIT",
      "engines": {
        "node": ">= 0.4"
      }
    },
    "node_modules/mime-db": {
      "version": "1.52.0",
      "resolved": "https://registry.npmjs.org/mime-db/-/mime-db-1.52.0.tgz",
      "integrity": "sha512-sPU4uV7dYlvtWJxwwxHD0PuihVNiE7TyAbQ5SWxDCB9mUYvOgroQOwYQQOKPJ8CIbE+1ETVlOoK1UC2nU3gYvg==",
      "dev": true,
      "license": "MIT",
      "engines": {
        "node": ">= 0.6"
      }
    },
    "node_modules/mime-types": {
      "version": "2.1.35",
      "resolved": "https://registry.npmjs.org/mime-types/-/mime-types-2.1.35.tgz",
      "integrity": "sha512-ZDY+bPm5zTTF+YpCrAU9nK0UgICYPT0QtT1NZWFv4s++TNkcgVaT0g6+4R2uI4MjQjzysHB1zxuWL50hzaeXiw==",
      "dev": true,
      "license": "MIT",
      "dependencies": {
        "mime-db": "1.52.0"
      },
      "engines": {
        "node": ">= 0.6"
      }
    },
    "node_modules/mimic-fn": {
      "version": "2.1.0",
      "dev": true,
      "license": "MIT",
      "engines": {
        "node": ">=6"
      }
    },
    "node_modules/minimist": {
      "version": "1.2.8",
      "dev": true,
      "license": "MIT",
      "funding": {
        "url": "https://github.com/sponsors/ljharb"
      }
    },
    "node_modules/node-machine-id": {
      "version": "1.1.12",
      "dev": true,
      "license": "MIT"
    },
    "node_modules/npm-run-path": {
      "version": "4.0.1",
      "dev": true,
      "license": "MIT",
      "dependencies": {
        "path-key": "^3.0.0"
      },
      "engines": {
        "node": ">=8"
      }
    },
    "node_modules/nx": {
      "version": "20.6.4",
      "resolved": "https://registry.npmjs.org/nx/-/nx-20.6.4.tgz",
      "integrity": "sha512-mkRgGvPSZpezn65upZ9psuyywr03XTirHDsqlnRYp90qqDQqMH/I1FsHqqUG5qdy4gbm5qFkZ5Vvc8Z3RkN/jg==",
      "dev": true,
      "hasInstallScript": true,
      "license": "MIT",
      "dependencies": {
        "@napi-rs/wasm-runtime": "0.2.4",
        "@yarnpkg/lockfile": "^1.1.0",
        "@yarnpkg/parsers": "3.0.2",
        "@zkochan/js-yaml": "0.0.7",
        "axios": "^1.8.3",
        "chalk": "^4.1.0",
        "cli-cursor": "3.1.0",
        "cli-spinners": "2.6.1",
        "cliui": "^8.0.1",
        "dotenv": "~16.4.5",
        "dotenv-expand": "~11.0.6",
        "enquirer": "~2.3.6",
        "figures": "3.2.0",
        "flat": "^5.0.2",
        "front-matter": "^4.0.2",
        "ignore": "^5.0.4",
        "jest-diff": "^29.4.1",
        "jsonc-parser": "3.2.0",
        "lines-and-columns": "2.0.3",
        "minimatch": "9.0.3",
        "node-machine-id": "1.1.12",
        "npm-run-path": "^4.0.1",
        "open": "^8.4.0",
        "ora": "5.3.0",
        "resolve.exports": "2.0.3",
        "semver": "^7.5.3",
        "string-width": "^4.2.3",
        "tar-stream": "~2.2.0",
        "tmp": "~0.2.1",
        "tsconfig-paths": "^4.1.2",
        "tslib": "^2.3.0",
        "yaml": "^2.6.0",
        "yargs": "^17.6.2",
        "yargs-parser": "21.1.1"
      },
      "bin": {
        "nx": "bin/nx.js",
        "nx-cloud": "bin/nx-cloud.js"
      },
      "optionalDependencies": {
        "@nx/nx-darwin-arm64": "20.6.4",
        "@nx/nx-darwin-x64": "20.6.4",
        "@nx/nx-freebsd-x64": "20.6.4",
        "@nx/nx-linux-arm-gnueabihf": "20.6.4",
        "@nx/nx-linux-arm64-gnu": "20.6.4",
        "@nx/nx-linux-arm64-musl": "20.6.4",
        "@nx/nx-linux-x64-gnu": "20.6.4",
        "@nx/nx-linux-x64-musl": "20.6.4",
        "@nx/nx-win32-arm64-msvc": "20.6.4",
        "@nx/nx-win32-x64-msvc": "20.6.4"
      },
      "peerDependencies": {
        "@swc-node/register": "^1.8.0",
        "@swc/core": "^1.3.85"
      },
      "peerDependenciesMeta": {
        "@swc-node/register": {
          "optional": true
        },
        "@swc/core": {
          "optional": true
        }
      }
    },
    "node_modules/nx/node_modules/lines-and-columns": {
      "version": "2.0.3",
      "dev": true,
      "license": "MIT",
      "engines": {
        "node": "^12.20.0 || ^14.13.1 || >=16.0.0"
      }
    },
    "node_modules/nx/node_modules/minimatch": {
      "version": "9.0.3",
      "dev": true,
      "license": "ISC",
      "dependencies": {
        "brace-expansion": "^2.0.1"
      },
      "engines": {
        "node": ">=16 || 14 >=14.17"
      },
      "funding": {
        "url": "https://github.com/sponsors/isaacs"
      }
    },
    "node_modules/nx/node_modules/tmp": {
      "version": "0.2.3",
      "dev": true,
      "license": "MIT",
      "engines": {
        "node": ">=14.14"
      }
    },
    "node_modules/once": {
      "version": "1.4.0",
      "dev": true,
      "license": "ISC",
      "dependencies": {
        "wrappy": "1"
      }
    },
    "node_modules/onetime": {
      "version": "5.1.2",
      "dev": true,
      "license": "MIT",
      "dependencies": {
        "mimic-fn": "^2.1.0"
      },
      "engines": {
        "node": ">=6"
      },
      "funding": {
        "url": "https://github.com/sponsors/sindresorhus"
      }
    },
    "node_modules/open": {
      "version": "8.4.2",
      "dev": true,
      "license": "MIT",
      "dependencies": {
        "define-lazy-prop": "^2.0.0",
        "is-docker": "^2.1.1",
        "is-wsl": "^2.2.0"
      },
      "engines": {
        "node": ">=12"
      },
      "funding": {
        "url": "https://github.com/sponsors/sindresorhus"
      }
    },
    "node_modules/ora": {
      "version": "5.3.0",
      "dev": true,
      "license": "MIT",
      "dependencies": {
        "bl": "^4.0.3",
        "chalk": "^4.1.0",
        "cli-cursor": "^3.1.0",
        "cli-spinners": "^2.5.0",
        "is-interactive": "^1.0.0",
        "log-symbols": "^4.0.0",
        "strip-ansi": "^6.0.0",
        "wcwidth": "^1.0.1"
      },
      "engines": {
        "node": ">=10"
      },
      "funding": {
        "url": "https://github.com/sponsors/sindresorhus"
      }
    },
    "node_modules/ora/node_modules/cli-spinners": {
      "version": "2.9.2",
      "dev": true,
      "license": "MIT",
      "engines": {
        "node": ">=6"
      },
      "funding": {
        "url": "https://github.com/sponsors/sindresorhus"
      }
    },
    "node_modules/path-key": {
      "version": "3.1.1",
      "dev": true,
      "license": "MIT",
      "engines": {
        "node": ">=8"
      }
    },
    "node_modules/pretty-format": {
      "version": "29.7.0",
      "dev": true,
      "license": "MIT",
      "dependencies": {
        "@jest/schemas": "^29.6.3",
        "ansi-styles": "^5.0.0",
        "react-is": "^18.0.0"
      },
      "engines": {
        "node": "^14.15.0 || ^16.10.0 || >=18.0.0"
      }
    },
    "node_modules/pretty-format/node_modules/ansi-styles": {
      "version": "5.2.0",
      "dev": true,
      "license": "MIT",
      "engines": {
        "node": ">=10"
      },
      "funding": {
        "url": "https://github.com/chalk/ansi-styles?sponsor=1"
      }
    },
    "node_modules/proxy-from-env": {
      "version": "1.1.0",
      "resolved": "https://registry.npmjs.org/proxy-from-env/-/proxy-from-env-1.1.0.tgz",
      "integrity": "sha512-D+zkORCbA9f1tdWRK0RaCR3GPv50cMxcrz4X8k5LTSUD1Dkw47mKJEZQNunItRTkWwgtaUSo1RVFRIG9ZXiFYg==",
      "dev": true,
      "license": "MIT"
    },
    "node_modules/radiohead": {
      "resolved": "packages/radiohead",
      "link": true
    },
    "node_modules/react-is": {
      "version": "18.3.1",
      "dev": true,
      "license": "MIT"
    },
    "node_modules/readable-stream": {
      "version": "3.6.2",
      "dev": true,
      "license": "MIT",
      "dependencies": {
        "inherits": "^2.0.3",
        "string_decoder": "^1.1.1",
        "util-deprecate": "^1.0.1"
      },
      "engines": {
        "node": ">= 6"
      }
    },
    "node_modules/require-directory": {
      "version": "2.1.1",
      "dev": true,
      "license": "MIT",
      "engines": {
        "node": ">=0.10.0"
      }
    },
    "node_modules/resolve.exports": {
      "version": "2.0.3",
      "resolved": "https://registry.npmjs.org/resolve.exports/-/resolve.exports-2.0.3.tgz",
      "integrity": "sha512-OcXjMsGdhL4XnbShKpAcSqPMzQoYkYyhbEaeSko47MjRP9NfEQMhZkXL1DoFlt9LWQn4YttrdnV6X2OiyzBi+A==",
      "dev": true,
      "license": "MIT",
      "engines": {
        "node": ">=10"
      }
    },
    "node_modules/restore-cursor": {
      "version": "3.1.0",
      "dev": true,
      "license": "MIT",
      "dependencies": {
        "onetime": "^5.1.0",
        "signal-exit": "^3.0.2"
      },
      "engines": {
        "node": ">=8"
      }
    },
    "node_modules/safe-buffer": {
      "version": "5.2.1",
      "dev": true,
      "funding": [
        {
          "type": "github",
          "url": "https://github.com/sponsors/feross"
        },
        {
          "type": "patreon",
          "url": "https://www.patreon.com/feross"
        },
        {
          "type": "consulting",
          "url": "https://feross.org/support"
        }
      ],
      "license": "MIT"
    },
    "node_modules/semver": {
      "version": "7.7.1",
      "dev": true,
      "license": "ISC",
      "bin": {
        "semver": "bin/semver.js"
      },
      "engines": {
        "node": ">=10"
      }
    },
    "node_modules/signal-exit": {
      "version": "3.0.7",
      "dev": true,
      "license": "ISC"
    },
    "node_modules/string_decoder": {
      "version": "1.3.0",
      "dev": true,
      "license": "MIT",
      "dependencies": {
        "safe-buffer": "~5.2.0"
      }
    },
    "node_modules/string-width": {
      "version": "4.2.3",
      "dev": true,
      "license": "MIT",
      "dependencies": {
        "emoji-regex": "^8.0.0",
        "is-fullwidth-code-point": "^3.0.0",
        "strip-ansi": "^6.0.1"
      },
      "engines": {
        "node": ">=8"
      }
    },
    "node_modules/strip-ansi": {
      "version": "6.0.1",
      "dev": true,
      "license": "MIT",
      "dependencies": {
        "ansi-regex": "^5.0.1"
      },
      "engines": {
        "node": ">=8"
      }
    },
    "node_modules/supports-color": {
      "version": "7.2.0",
      "dev": true,
      "license": "MIT",
      "dependencies": {
        "has-flag": "^4.0.0"
      },
      "engines": {
        "node": ">=8"
      }
    },
    "node_modules/tar-stream": {
      "version": "2.2.0",
      "dev": true,
      "license": "MIT",
      "dependencies": {
        "bl": "^4.0.3",
        "end-of-stream": "^1.4.1",
        "fs-constants": "^1.0.0",
        "inherits": "^2.0.3",
        "readable-stream": "^3.1.1"
      },
      "engines": {
        "node": ">=6"
      }
    },
    "node_modules/tsconfig-paths": {
      "version": "4.2.0",
      "dev": true,
      "license": "MIT",
      "dependencies": {
        "json5": "^2.2.2",
        "minimist": "^1.2.6",
        "strip-bom": "^3.0.0"
      },
      "engines": {
        "node": ">=6"
      }
    },
    "node_modules/tsconfig-paths/node_modules/strip-bom": {
      "version": "3.0.0",
      "dev": true,
      "license": "MIT",
      "engines": {
        "node": ">=4"
      }
    },
    "node_modules/tslib": {
      "version": "2.8.1",
      "dev": true,
      "license": "0BSD"
    },
    "node_modules/util-deprecate": {
      "version": "1.0.2",
      "dev": true,
      "license": "MIT"
    },
    "node_modules/wcwidth": {
      "version": "1.0.1",
      "dev": true,
      "license": "MIT",
      "dependencies": {
        "defaults": "^1.0.3"
      }
    },
    "node_modules/wrap-ansi": {
      "version": "7.0.0",
      "dev": true,
      "license": "MIT",
      "dependencies": {
        "ansi-styles": "^4.0.0",
        "string-width": "^4.1.0",
        "strip-ansi": "^6.0.0"
      },
      "engines": {
        "node": ">=10"
      },
      "funding": {
        "url": "https://github.com/chalk/wrap-ansi?sponsor=1"
      }
    },
    "node_modules/wrappy": {
      "version": "1.0.2",
      "dev": true,
      "license": "ISC"
    },
    "node_modules/y18n": {
      "version": "5.0.8",
      "dev": true,
      "license": "ISC",
      "engines": {
        "node": ">=10"
      }
    },
    "node_modules/yaml": {
      "version": "2.7.0",
      "resolved": "https://registry.npmjs.org/yaml/-/yaml-2.7.0.tgz",
      "integrity": "sha512-+hSoy/QHluxmC9kCIJyL/uyFmLmc+e5CFR5Wa+bpIhIj85LVb9ZH2nVnqrHoSvKogwODv0ClqZkmiSSaIH5LTA==",
      "dev": true,
      "license": "ISC",
      "bin": {
        "yaml": "bin.mjs"
      },
      "engines": {
        "node": ">= 14"
      }
    },
    "node_modules/yargs": {
      "version": "17.7.2",
      "dev": true,
      "license": "MIT",
      "dependencies": {
        "cliui": "^8.0.1",
        "escalade": "^3.1.1",
        "get-caller-file": "^2.0.5",
        "require-directory": "^2.1.1",
        "string-width": "^4.2.3",
        "y18n": "^5.0.5",
        "yargs-parser": "^21.1.1"
      },
      "engines": {
        "node": ">=12"
      }
    },
    "node_modules/yargs-parser": {
      "version": "21.1.1",
      "dev": true,
      "license": "ISC",
      "engines": {
        "node": ">=12"
      }
    },
    "packages/cdkx": {
      "name": "@dscm/cdkx",
      "extraneous": true,
      "dependencies": {
        "@aws-sdk/client-s3": "^3.750.0",
        "@aws-sdk/client-sts": "^3.750.0",
        "@aws-sdk/credential-providers": "^3.750.0",
        "aws-cdk-lib": "^2.179.0",
        "execa": "^9.5.2"
      }
    },
    "packages/config": {
      "name": "@dscm/config",
      "version": "0.0.0",
      "extraneous": true,
      "dependencies": {
        "@dscm/shared-modules": "*",
        "zod": "^3.24.2"
      },
      "bin": {
        "config": "dist/bin/config.js"
      },
      "devDependencies": {
        "@dscm/dev-configs": "*"
      }
    },
    "packages/config-old": {
      "name": "@dscm/config-old",
      "extraneous": true,
      "dependencies": {
        "@dscm/shared-modules": "*"
      },
      "bin": {
        "config": "dist/bin/config.js"
      },
      "devDependencies": {
        "@dscm/dev-configs": "*"
      }
    },
    "packages/config-v2": {
      "name": "@dscm/config-v2",
      "extraneous": true,
      "dependencies": {
        "@dscm/shared-modules": "*",
        "zod": "^3.24.2"
      },
      "bin": {
        "config": "dist/bin/config.js"
      },
      "devDependencies": {
        "@dscm/dev-configs": "*"
      }
    },
    "packages/dev-configs": {
      "name": "@dscm/dev-configs",
      "version": "0.0.0",
      "extraneous": true
    },
    "packages/greenday": {
      "version": "0.0.0"
    },
    "packages/math": {
      "name": "@dscm/math",
      "extraneous": true,
      "dependencies": {
        "@dscm/shared-modules": "*"
      }
    },
    "packages/radiohead": {
      "version": "0.0.0"
    },
    "packages/shared-modules": {
      "name": "@dscm/shared-modules",
      "version": "0.0.0",
      "extraneous": true,
      "dependencies": {
        "lodash": "^4.17.21",
        "luxon": "^3.5.0"
      },
      "devDependencies": {
        "@dscm/dev-configs": "*",
        "@types/lodash": "^4.17.15",
        "@types/luxon": "^3.4.2"
      }
    },
    "packages/tools": {
      "name": "@dscm/tools",
      "extraneous": true,
      "dependencies": {
        "zx": "^8.3.2"
      },
      "bin": {
        "with-assume-role": "bin/with-assume-role.mjs"
      }
    },
    "tools": {
      "name": "@dscm/tools",
      "version": "0.0.0",
      "extraneous": true,
      "dependencies": {
        "zx": "^8.3.2"
      },
      "bin": {
        "with-assume-role": "bin/with-assume-role.mjs",
        "wwith-assume-role": "bin/with-assume-role.sh"
      }
    }
  }
}
